
Microsoft Visual Studio Solution File, Format Version 11.00
# Visual Studio 2010
Project("{FAE04EC0-301F-11D3-BF4B-00C04F79EFBC}") = "Assembly-CSharp", "Assembly-CSharp.csproj", "{4558EFB0-CD1B-ECBA-CDD1-ADD2E7A57CC9}"
EndProject
Project("{FAE04EC0-301F-11D3-BF4B-00C04F79EFBC}") = "Assembly-CSharp-Editor", "Assembly-CSharp-Editor.csproj", "{B76C8DC0-1222-3148-ED34-75310E0C0B00}"
EndProject
Global
	GlobalSection(SolutionConfigurationPlatforms) = preSolution
		Debug|Any CPU = Debug|Any CPU
		Release|Any CPU = Release|Any CPU
	EndGlobalSection
	GlobalSection(ProjectConfigurationPlatforms) = postSolution
		{4558EFB0-CD1B-ECBA-CDD1-ADD2E7A57CC9}.Debug|Any CPU.ActiveCfg = Debug|Any CPU
		{4558EFB0-CD1B-ECBA-CDD1-ADD2E7A57CC9}.Debug|Any CPU.Build.0 = Debug|Any CPU
		{4558EFB0-CD1B-ECBA-CDD1-ADD2E7A57CC9}.Release|Any CPU.ActiveCfg = Release|Any CPU
		{4558EFB0-CD1B-ECBA-CDD1-ADD2E7A57CC9}.Release|Any CPU.Build.0 = Release|Any CPU
		{B76C8DC0-1222-3148-ED34-75310E0C0B00}.Debug|Any CPU.ActiveCfg = Debug|Any CPU
		{B76C8DC0-1222-3148-ED34-75310E0C0B00}.Debug|Any CPU.Build.0 = Debug|Any CPU
		{B76C8DC0-1222-3148-ED34-75310E0C0B00}.Release|Any CPU.ActiveCfg = Release|Any CPU
		{B76C8DC0-1222-3148-ED34-75310E0C0B00}.Release|Any CPU.Build.0 = Release|Any CPU
	EndGlobalSection
	GlobalSection(SolutionProperties) = preSolution
		HideSolutionNode = FALSE
	EndGlobalSection
	GlobalSection(MonoDevelopProperties) = preSolution
		StartupItem = Assembly-CSharp.csproj
	EndGlobalSection
EndGlobal
